// !$*UTF8*$!
{
	archiveVersion = 1;
	classes = {
	};
	objectVersion = 46;
	objects = {

/* Begin PBXBuildFile section */
		CB2B91BB19AAE6BE005C7443 /* Foundation.framework in Frameworks */ = {isa = PBXBuildFile; fileRef = CB2B91BA19AAE6BE005C7443 /* Foundation.framework */; };
		CB2B91BD19AAE6BE005C7443 /* CoreGraphics.framework in Frameworks */ = {isa = PBXBuildFile; fileRef = CB2B91BC19AAE6BE005C7443 /* CoreGraphics.framework */; };
		CB2B91BF19AAE6BE005C7443 /* UIKit.framework in Frameworks */ = {isa = PBXBuildFile; fileRef = CB2B91BE19AAE6BE005C7443 /* UIKit.framework */; };
		CB2B91C519AAE6BE005C7443 /* InfoPlist.strings in Resources */ = {isa = PBXBuildFile; fileRef = CB2B91C319AAE6BE005C7443 /* InfoPlist.strings */; };
		CB2B91C719AAE6BE005C7443 /* main.m in Sources */ = {isa = PBXBuildFile; fileRef = CB2B91C619AAE6BE005C7443 /* main.m */; };
		CB2B91CB19AAE6BE005C7443 /* ShutterbugAppDelegate.m in Sources */ = {isa = PBXBuildFile; fileRef = CB2B91CA19AAE6BE005C7443 /* ShutterbugAppDelegate.m */; };
		CB2B91CE19AAE6BE005C7443 /* Main_iPhone.storyboard in Resources */ = {isa = PBXBuildFile; fileRef = CB2B91CC19AAE6BE005C7443 /* Main_iPhone.storyboard */; };
		CB2B91D119AAE6BE005C7443 /* Main_iPad.storyboard in Resources */ = {isa = PBXBuildFile; fileRef = CB2B91CF19AAE6BE005C7443 /* Main_iPad.storyboard */; };
		CB2B91D619AAE6BE005C7443 /* Images.xcassets in Resources */ = {isa = PBXBuildFile; fileRef = CB2B91D519AAE6BE005C7443 /* Images.xcassets */; };
		CB2B91DD19AAE6BE005C7443 /* XCTest.framework in Frameworks */ = {isa = PBXBuildFile; fileRef = CB2B91DC19AAE6BE005C7443 /* XCTest.framework */; };
		CB2B91DE19AAE6BE005C7443 /* Foundation.framework in Frameworks */ = {isa = PBXBuildFile; fileRef = CB2B91BA19AAE6BE005C7443 /* Foundation.framework */; };
		CB2B91DF19AAE6BE005C7443 /* UIKit.framework in Frameworks */ = {isa = PBXBuildFile; fileRef = CB2B91BE19AAE6BE005C7443 /* UIKit.framework */; };
		CB2B91E719AAE6BE005C7443 /* InfoPlist.strings in Resources */ = {isa = PBXBuildFile; fileRef = CB2B91E519AAE6BE005C7443 /* InfoPlist.strings */; };
		CB2B91E919AAE6BE005C7443 /* ShutterbugTests.m in Sources */ = {isa = PBXBuildFile; fileRef = CB2B91E819AAE6BE005C7443 /* ShutterbugTests.m */; };
		CB2B91F419AAE7A2005C7443 /* FlickrPhotosTVC.m in Sources */ = {isa = PBXBuildFile; fileRef = CB2B91F319AAE7A2005C7443 /* FlickrPhotosTVC.m */; };
		CB2B91F719AAE94F005C7443 /* JustPostedFlickrPhotosTVC.m in Sources */ = {isa = PBXBuildFile; fileRef = CB2B91F619AAE94F005C7443 /* JustPostedFlickrPhotosTVC.m */; };
		CB2B91FC19AAEA7F005C7443 /* FlickrFetcher.m in Sources */ = {isa = PBXBuildFile; fileRef = CB2B91FB19AAEA7F005C7443 /* FlickrFetcher.m */; };
		CB2B91FF19AB06AE005C7443 /* ImageViewController.m in Sources */ = {isa = PBXBuildFile; fileRef = CB2B91FE19AB06AE005C7443 /* ImageViewController.m */; };
/* End PBXBuildFile section */

/* Begin PBXContainerItemProxy section */
		CB2B91E019AAE6BE005C7443 /* PBXContainerItemProxy */ = {
			isa = PBXContainerItemProxy;
			containerPortal = CB2B91AF19AAE6BE005C7443 /* Project object */;
			proxyType = 1;
			remoteGlobalIDString = CB2B91B619AAE6BE005C7443;
			remoteInfo = Shutterbug;
		};
/* End PBXContainerItemProxy section */

/* Begin PBXFileReference section */
		CB2B91B719AAE6BE005C7443 /* Shutterbug.app */ = {isa = PBXFileReference; explicitFileType = wrapper.application; includeInIndex = 0; path = Shutterbug.app; sourceTree = BUILT_PRODUCTS_DIR; };
		CB2B91BA19AAE6BE005C7443 /* Foundation.framework */ = {isa = PBXFileReference; lastKnownFileType = wrapper.framework; name = Foundation.framework; path = System/Library/Frameworks/Foundation.framework; sourceTree = SDKROOT; };
		CB2B91BC19AAE6BE005C7443 /* CoreGraphics.framework */ = {isa = PBXFileReference; lastKnownFileType = wrapper.framework; name = CoreGraphics.framework; path = System/Library/Frameworks/CoreGraphics.framework; sourceTree = SDKROOT; };
		CB2B91BE19AAE6BE005C7443 /* UIKit.framework */ = {isa = PBXFileReference; lastKnownFileType = wrapper.framework; name = UIKit.framework; path = System/Library/Frameworks/UIKit.framework; sourceTree = SDKROOT; };
		CB2B91C219AAE6BE005C7443 /* Shutterbug-Info.plist */ = {isa = PBXFileReference; lastKnownFileType = text.plist.xml; path = "Shutterbug-Info.plist"; sourceTree = "<group>"; };
		CB2B91C419AAE6BE005C7443 /* en */ = {isa = PBXFileReference; lastKnownFileType = text.plist.strings; name = en; path = en.lproj/InfoPlist.strings; sourceTree = "<group>"; };
		CB2B91C619AAE6BE005C7443 /* main.m */ = {isa = PBXFileReference; lastKnownFileType = sourcecode.c.objc; path = main.m; sourceTree = "<group>"; };
		CB2B91C819AAE6BE005C7443 /* Shutterbug-Prefix.pch */ = {isa = PBXFileReference; lastKnownFileType = sourcecode.c.h; path = "Shutterbug-Prefix.pch"; sourceTree = "<group>"; };
		CB2B91C919AAE6BE005C7443 /* ShutterbugAppDelegate.h */ = {isa = PBXFileReference; lastKnownFileType = sourcecode.c.h; path = ShutterbugAppDelegate.h; sourceTree = "<group>"; };
		CB2B91CA19AAE6BE005C7443 /* ShutterbugAppDelegate.m */ = {isa = PBXFileReference; lastKnownFileType = sourcecode.c.objc; path = ShutterbugAppDelegate.m; sourceTree = "<group>"; };
		CB2B91CD19AAE6BE005C7443 /* Base */ = {isa = PBXFileReference; lastKnownFileType = file.storyboard; name = Base; path = Base.lproj/Main_iPhone.storyboard; sourceTree = "<group>"; };
		CB2B91D019AAE6BE005C7443 /* Base */ = {isa = PBXFileReference; lastKnownFileType = file.storyboard; name = Base; path = Base.lproj/Main_iPad.storyboard; sourceTree = "<group>"; };
		CB2B91D519AAE6BE005C7443 /* Images.xcassets */ = {isa = PBXFileReference; lastKnownFileType = folder.assetcatalog; path = Images.xcassets; sourceTree = "<group>"; };
		CB2B91DB19AAE6BE005C7443 /* ShutterbugTests.xctest */ = {isa = PBXFileReference; explicitFileType = wrapper.cfbundle; includeInIndex = 0; path = ShutterbugTests.xctest; sourceTree = BUILT_PRODUCTS_DIR; };
		CB2B91DC19AAE6BE005C7443 /* XCTest.framework */ = {isa = PBXFileReference; lastKnownFileType = wrapper.framework; name = XCTest.framework; path = Library/Frameworks/XCTest.framework; sourceTree = DEVELOPER_DIR; };
		CB2B91E419AAE6BE005C7443 /* ShutterbugTests-Info.plist */ = {isa = PBXFileReference; lastKnownFileType = text.plist.xml; path = "ShutterbugTests-Info.plist"; sourceTree = "<group>"; };
		CB2B91E619AAE6BE005C7443 /* en */ = {isa = PBXFileReference; lastKnownFileType = text.plist.strings; name = en; path = en.lproj/InfoPlist.strings; sourceTree = "<group>"; };
		CB2B91E819AAE6BE005C7443 /* ShutterbugTests.m */ = {isa = PBXFileReference; lastKnownFileType = sourcecode.c.objc; path = ShutterbugTests.m; sourceTree = "<group>"; };
		CB2B91F219AAE7A2005C7443 /* FlickrPhotosTVC.h */ = {isa = PBXFileReference; fileEncoding = 4; lastKnownFileType = sourcecode.c.h; path = FlickrPhotosTVC.h; sourceTree = "<group>"; };
		CB2B91F319AAE7A2005C7443 /* FlickrPhotosTVC.m */ = {isa = PBXFileReference; fileEncoding = 4; lastKnownFileType = sourcecode.c.objc; path = FlickrPhotosTVC.m; sourceTree = "<group>"; };
		CB2B91F519AAE94F005C7443 /* JustPostedFlickrPhotosTVC.h */ = {isa = PBXFileReference; fileEncoding = 4; lastKnownFileType = sourcecode.c.h; path = JustPostedFlickrPhotosTVC.h; sourceTree = "<group>"; };
		CB2B91F619AAE94F005C7443 /* JustPostedFlickrPhotosTVC.m */ = {isa = PBXFileReference; fileEncoding = 4; lastKnownFileType = sourcecode.c.objc; path = JustPostedFlickrPhotosTVC.m; sourceTree = "<group>"; };
		CB2B91F919AAEA7F005C7443 /* FlickrAPIKey.h */ = {isa = PBXFileReference; fileEncoding = 4; lastKnownFileType = sourcecode.c.h; path = FlickrAPIKey.h; sourceTree = "<group>"; };
		CB2B91FA19AAEA7F005C7443 /* FlickrFetcher.h */ = {isa = PBXFileReference; fileEncoding = 4; lastKnownFileType = sourcecode.c.h; path = FlickrFetcher.h; sourceTree = "<group>"; };
		CB2B91FB19AAEA7F005C7443 /* FlickrFetcher.m */ = {isa = PBXFileReference; fileEncoding = 4; lastKnownFileType = sourcecode.c.objc; path = FlickrFetcher.m; sourceTree = "<group>"; };
		CB2B91FD19AB06AE005C7443 /* ImageViewController.h */ = {isa = PBXFileReference; fileEncoding = 4; lastKnownFileType = sourcecode.c.h; path = ImageViewController.h; sourceTree = "<group>"; };
		CB2B91FE19AB06AE005C7443 /* ImageViewController.m */ = {isa = PBXFileReference; fileEncoding = 4; lastKnownFileType = sourcecode.c.objc; path = ImageViewController.m; sourceTree = "<group>"; };
/* End PBXFileReference section */

/* Begin PBXFrameworksBuildPhase section */
		CB2B91B419AAE6BE005C7443 /* Frameworks */ = {
			isa = PBXFrameworksBuildPhase;
			buildActionMask = 2147483647;
			files = (
				CB2B91BD19AAE6BE005C7443 /* CoreGraphics.framework in Frameworks */,
				CB2B91BF19AAE6BE005C7443 /* UIKit.framework in Frameworks */,
				CB2B91BB19AAE6BE005C7443 /* Foundation.framework in Frameworks */,
			);
			runOnlyForDeploymentPostprocessing = 0;
		};
		CB2B91D819AAE6BE005C7443 /* Frameworks */ = {
			isa = PBXFrameworksBuildPhase;
			buildActionMask = 2147483647;
			files = (
				CB2B91DD19AAE6BE005C7443 /* XCTest.framework in Frameworks */,
				CB2B91DF19AAE6BE005C7443 /* UIKit.framework in Frameworks */,
				CB2B91DE19AAE6BE005C7443 /* Foundation.framework in Frameworks */,
			);
			runOnlyForDeploymentPostprocessing = 0;
		};
/* End PBXFrameworksBuildPhase section */

/* Begin PBXGroup section */
		CB2B91AE19AAE6BE005C7443 = {
			isa = PBXGroup;
			children = (
				CB2B91C019AAE6BE005C7443 /* Shutterbug */,
				CB2B91E219AAE6BE005C7443 /* ShutterbugTests */,
				CB2B91B919AAE6BE005C7443 /* Frameworks */,
				CB2B91B819AAE6BE005C7443 /* Products */,
			);
			sourceTree = "<group>";
		};
		CB2B91B819AAE6BE005C7443 /* Products */ = {
			isa = PBXGroup;
			children = (
				CB2B91B719AAE6BE005C7443 /* Shutterbug.app */,
				CB2B91DB19AAE6BE005C7443 /* ShutterbugTests.xctest */,
			);
			name = Products;
			sourceTree = "<group>";
		};
		CB2B91B919AAE6BE005C7443 /* Frameworks */ = {
			isa = PBXGroup;
			children = (
				CB2B91BA19AAE6BE005C7443 /* Foundation.framework */,
				CB2B91BC19AAE6BE005C7443 /* CoreGraphics.framework */,
				CB2B91BE19AAE6BE005C7443 /* UIKit.framework */,
				CB2B91DC19AAE6BE005C7443 /* XCTest.framework */,
			);
			name = Frameworks;
			sourceTree = "<group>";
		};
		CB2B91C019AAE6BE005C7443 /* Shutterbug */ = {
			isa = PBXGroup;
			children = (
				CB2B91F219AAE7A2005C7443 /* FlickrPhotosTVC.h */,
				CB2B91F319AAE7A2005C7443 /* FlickrPhotosTVC.m */,
				CB2B91F519AAE94F005C7443 /* JustPostedFlickrPhotosTVC.h */,
				CB2B91F619AAE94F005C7443 /* JustPostedFlickrPhotosTVC.m */,
				CB2B91FD19AB06AE005C7443 /* ImageViewController.h */,
				CB2B91FE19AB06AE005C7443 /* ImageViewController.m */,
				CB2B91CC19AAE6BE005C7443 /* Main_iPhone.storyboard */,
				CB2B91CF19AAE6BE005C7443 /* Main_iPad.storyboard */,
				CB2B91D519AAE6BE005C7443 /* Images.xcassets */,
				CB2B91F819AAEA7F005C7443 /* Flickr Fetcher */,
				CB2B91C119AAE6BE005C7443 /* Supporting Files */,
			);
			path = Shutterbug;
			sourceTree = "<group>";
		};
		CB2B91C119AAE6BE005C7443 /* Supporting Files */ = {
			isa = PBXGroup;
			children = (
				CB2B91C919AAE6BE005C7443 /* ShutterbugAppDelegate.h */,
				CB2B91CA19AAE6BE005C7443 /* ShutterbugAppDelegate.m */,
				CB2B91C219AAE6BE005C7443 /* Shutterbug-Info.plist */,
				CB2B91C319AAE6BE005C7443 /* InfoPlist.strings */,
				CB2B91C619AAE6BE005C7443 /* main.m */,
				CB2B91C819AAE6BE005C7443 /* Shutterbug-Prefix.pch */,
			);
			name = "Supporting Files";
			sourceTree = "<group>";
		};
		CB2B91E219AAE6BE005C7443 /* ShutterbugTests */ = {
			isa = PBXGroup;
			children = (
				CB2B91E819AAE6BE005C7443 /* ShutterbugTests.m */,
				CB2B91E319AAE6BE005C7443 /* Supporting Files */,
			);
			path = ShutterbugTests;
			sourceTree = "<group>";
		};
		CB2B91E319AAE6BE005C7443 /* Supporting Files */ = {
			isa = PBXGroup;
			children = (
				CB2B91E419AAE6BE005C7443 /* ShutterbugTests-Info.plist */,
				CB2B91E519AAE6BE005C7443 /* InfoPlist.strings */,
			);
			name = "Supporting Files";
			sourceTree = "<group>";
		};
		CB2B91F819AAEA7F005C7443 /* Flickr Fetcher */ = {
			isa = PBXGroup;
			children = (
				CB2B91F919AAEA7F005C7443 /* FlickrAPIKey.h */,
				CB2B91FA19AAEA7F005C7443 /* FlickrFetcher.h */,
				CB2B91FB19AAEA7F005C7443 /* FlickrFetcher.m */,
			);
			path = "Flickr Fetcher";
			sourceTree = "<group>";
		};
/* End PBXGroup section */

/* Begin PBXNativeTarget section */
		CB2B91B619AAE6BE005C7443 /* Shutterbug */ = {
			isa = PBXNativeTarget;
			buildConfigurationList = CB2B91EC19AAE6BE005C7443 /* Build configuration list for PBXNativeTarget "Shutterbug" */;
			buildPhases = (
				CB2B91B319AAE6BE005C7443 /* Sources */,
				CB2B91B419AAE6BE005C7443 /* Frameworks */,
				CB2B91B519AAE6BE005C7443 /* Resources */,
			);
			buildRules = (
			);
			dependencies = (
			);
			name = Shutterbug;
			productName = Shutterbug;
			productReference = CB2B91B719AAE6BE005C7443 /* Shutterbug.app */;
			productType = "com.apple.product-type.application";
		};
		CB2B91DA19AAE6BE005C7443 /* ShutterbugTests */ = {
			isa = PBXNativeTarget;
			buildConfigurationList = CB2B91EF19AAE6BE005C7443 /* Build configuration list for PBXNativeTarget "ShutterbugTests" */;
			buildPhases = (
				CB2B91D719AAE6BE005C7443 /* Sources */,
				CB2B91D819AAE6BE005C7443 /* Frameworks */,
				CB2B91D919AAE6BE005C7443 /* Resources */,
			);
			buildRules = (
			);
			dependencies = (
				CB2B91E119AAE6BE005C7443 /* PBXTargetDependency */,
			);
			name = ShutterbugTests;
			productName = ShutterbugTests;
			productReference = CB2B91DB19AAE6BE005C7443 /* ShutterbugTests.xctest */;
			productType = "com.apple.product-type.bundle.unit-test";
		};
/* End PBXNativeTarget section */

/* Begin PBXProject section */
		CB2B91AF19AAE6BE005C7443 /* Project object */ = {
			isa = PBXProject;
			attributes = {
				CLASSPREFIX = Shutterbug;
				LastUpgradeCheck = 0510;
				ORGANIZATIONNAME = Kastark;
				TargetAttributes = {
					CB2B91DA19AAE6BE005C7443 = {
						TestTargetID = CB2B91B619AAE6BE005C7443;
					};
				};
			};
			buildConfigurationList = CB2B91B219AAE6BE005C7443 /* Build configuration list for PBXProject "Shutterbug" */;
			compatibilityVersion = "Xcode 3.2";
			developmentRegion = English;
			hasScannedForEncodings = 0;
			knownRegions = (
				en,
				Base,
			);
			mainGroup = CB2B91AE19AAE6BE005C7443;
			productRefGroup = CB2B91B819AAE6BE005C7443 /* Products */;
			projectDirPath = "";
			projectRoot = "";
			targets = (
				CB2B91B619AAE6BE005C7443 /* Shutterbug */,
				CB2B91DA19AAE6BE005C7443 /* ShutterbugTests */,
			);
		};
/* End PBXProject section */

/* Begin PBXResourcesBuildPhase section */
		CB2B91B519AAE6BE005C7443 /* Resources */ = {
			isa = PBXResourcesBuildPhase;
			buildActionMask = 2147483647;
			files = (
				CB2B91D119AAE6BE005C7443 /* Main_iPad.storyboard in Resources */,
				CB2B91D619AAE6BE005C7443 /* Images.xcassets in Resources */,
				CB2B91CE19AAE6BE005C7443 /* Main_iPhone.storyboard in Resources */,
				CB2B91C519AAE6BE005C7443 /* InfoPlist.strings in Resources */,
			);
			runOnlyForDeploymentPostprocessing = 0;
		};
		CB2B91D919AAE6BE005C7443 /* Resources */ = {
			isa = PBXResourcesBuildPhase;
			buildActionMask = 2147483647;
			files = (
				CB2B91E719AAE6BE005C7443 /* InfoPlist.strings in Resources */,
			);
			runOnlyForDeploymentPostprocessing = 0;
		};
/* End PBXResourcesBuildPhase section */

/* Begin PBXSourcesBuildPhase section */
		CB2B91B319AAE6BE005C7443 /* Sources */ = {
			isa = PBXSourcesBuildPhase;
			buildActionMask = 2147483647;
			files = (
				CB2B91FF19AB06AE005C7443 /* ImageViewController.m in Sources */,
				CB2B91F719AAE94F005C7443 /* JustPostedFlickrPhotosTVC.m in Sources */,
				CB2B91C719AAE6BE005C7443 /* main.m in Sources */,
				CB2B91F419AAE7A2005C7443 /* FlickrPhotosTVC.m in Sources */,
				CB2B91FC19AAEA7F005C7443 /* FlickrFetcher.m in Sources */,
				CB2B91CB19AAE6BE005C7443 /* ShutterbugAppDelegate.m in Sources */,
			);
			runOnlyForDeploymentPostprocessing = 0;
		};
		CB2B91D719AAE6BE005C7443 /* Sources */ = {
			isa = PBXSourcesBuildPhase;
			buildActionMask = 2147483647;
			files = (
				CB2B91E919AAE6BE005C7443 /* ShutterbugTests.m in Sources */,
			);
			runOnlyForDeploymentPostprocessing = 0;
		};
/* End PBXSourcesBuildPhase section */

/* Begin PBXTargetDependency section */
		CB2B91E119AAE6BE005C7443 /* PBXTargetDependency */ = {
			isa = PBXTargetDependency;
			target = CB2B91B619AAE6BE005C7443 /* Shutterbug */;
			targetProxy = CB2B91E019AAE6BE005C7443 /* PBXContainerItemProxy */;
		};
/* End PBXTargetDependency section */

/* Begin PBXVariantGroup section */
		CB2B91C319AAE6BE005C7443 /* InfoPlist.strings */ = {
			isa = PBXVariantGroup;
			children = (
				CB2B91C419AAE6BE005C7443 /* en */,
			);
			name = InfoPlist.strings;
			sourceTree = "<group>";
		};
		CB2B91CC19AAE6BE005C7443 /* Main_iPhone.storyboard */ = {
			isa = PBXVariantGroup;
			children = (
				CB2B91CD19AAE6BE005C7443 /* Base */,
			);
			name = Main_iPhone.storyboard;
			sourceTree = "<group>";
		};
		CB2B91CF19AAE6BE005C7443 /* Main_iPad.storyboard */ = {
			isa = PBXVariantGroup;
			children = (
				CB2B91D019AAE6BE005C7443 /* Base */,
			);
			name = Main_iPad.storyboard;
			sourceTree = "<group>";
		};
		CB2B91E519AAE6BE005C7443 /* InfoPlist.strings */ = {
			isa = PBXVariantGroup;
			children = (
				CB2B91E619AAE6BE005C7443 /* en */,
			);
			name = InfoPlist.strings;
			sourceTree = "<group>";
		};
/* End PBXVariantGroup section */

/* Begin XCBuildConfiguration section */
		CB2B91EA19AAE6BE005C7443 /* Debug */ = {
			isa = XCBuildConfiguration;
			buildSettings = {
				ALWAYS_SEARCH_USER_PATHS = NO;
				CLANG_CXX_LANGUAGE_STANDARD = "gnu++0x";
				CLANG_CXX_LIBRARY = "libc++";
				CLANG_ENABLE_MODULES = YES;
				CLANG_ENABLE_OBJC_ARC = YES;
				CLANG_WARN_BOOL_CONVERSION = YES;
				CLANG_WARN_CONSTANT_CONVERSION = YES;
				CLANG_WARN_DIRECT_OBJC_ISA_USAGE = YES_ERROR;
				CLANG_WARN_EMPTY_BODY = YES;
				CLANG_WARN_ENUM_CONVERSION = YES;
				CLANG_WARN_INT_CONVERSION = YES;
				CLANG_WARN_OBJC_ROOT_CLASS = YES_ERROR;
				CLANG_WARN__DUPLICATE_METHOD_MATCH = YES;
				"CODE_SIGN_IDENTITY[sdk=iphoneos*]" = "iPhone Developer";
				COPY_PHASE_STRIP = NO;
				GCC_C_LANGUAGE_STANDARD = gnu99;
				GCC_DYNAMIC_NO_PIC = NO;
				GCC_OPTIMIZATION_LEVEL = 0;
				GCC_PREPROCESSOR_DEFINITIONS = (
					"DEBUG=1",
					"$(inherited)",
				);
				GCC_SYMBOLS_PRIVATE_EXTERN = NO;
				GCC_WARN_64_TO_32_BIT_CONVERSION = YES;
				GCC_WARN_ABOUT_RETURN_TYPE = YES_ERROR;
				GCC_WARN_UNDECLARED_SELECTOR = YES;
				GCC_WARN_UNINITIALIZED_AUTOS = YES_AGGRESSIVE;
				GCC_WARN_UNUSED_FUNCTION = YES;
				GCC_WARN_UNUSED_VARIABLE = YES;
				IPHONEOS_DEPLOYMENT_TARGET = 7.1;
				ONLY_ACTIVE_ARCH = YES;
				SDKROOT = iphoneos;
				TARGETED_DEVICE_FAMILY = "1,2";
			};
			name = Debug;
		};
		CB2B91EB19AAE6BE005C7443 /* Release */ = {
			isa = XCBuildConfiguration;
			buildSettings = {
				ALWAYS_SEARCH_USER_PATHS = NO;
				CLANG_CXX_LANGUAGE_STANDARD = "gnu++0x";
				CLANG_CXX_LIBRARY = "libc++";
				CLANG_ENABLE_MODULES = YES;
				CLANG_ENABLE_OBJC_ARC = YES;
				CLANG_WARN_BOOL_CONVERSION = YES;
				CLANG_WARN_CONSTANT_CONVERSION = YES;
				CLANG_WARN_DIRECT_OBJC_ISA_USAGE = YES_ERROR;
				CLANG_WARN_EMPTY_BODY = YES;
				CLANG_WARN_ENUM_CONVERSION = YES;
				CLANG_WARN_INT_CONVERSION = YES;
				CLANG_WARN_OBJC_ROOT_CLASS = YES_ERROR;
				CLANG_WARN__DUPLICATE_METHOD_MATCH = YES;
				"CODE_SIGN_IDENTITY[sdk=iphoneos*]" = "iPhone Developer";
				COPY_PHASE_STRIP = YES;
				ENABLE_NS_ASSERTIONS = NO;
				GCC_C_LANGUAGE_STANDARD = gnu99;
				GCC_WARN_64_TO_32_BIT_CONVERSION = YES;
				GCC_WARN_ABOUT_RETURN_TYPE = YES_ERROR;
				GCC_WARN_UNDECLARED_SELECTOR = YES;
				GCC_WARN_UNINITIALIZED_AUTOS = YES_AGGRESSIVE;
				GCC_WARN_UNUSED_FUNCTION = YES;
				GCC_WARN_UNUSED_VARIABLE = YES;
				IPHONEOS_DEPLOYMENT_TARGET = 7.1;
				SDKROOT = iphoneos;
				TARGETED_DEVICE_FAMILY = "1,2";
				VALIDATE_PRODUCT = YES;
			};
			name = Release;
		};
		CB2B91ED19AAE6BE005C7443 /* Debug */ = {
			isa = XCBuildConfiguration;
			buildSettings = {
				ASSETCATALOG_COMPILER_APPICON_NAME = AppIcon;
				ASSETCATALOG_COMPILER_LAUNCHIMAGE_NAME = LaunchImage;
				GCC_PRECOMPILE_PREFIX_HEADER = YES;
				GCC_PREFIX_HEADER = "Shutterbug/Shutterbug-Prefix.pch";
				INFOPLIST_FILE = "Shutterbug/Shutterbug-Info.plist";
				IPHONEOS_DEPLOYMENT_TARGET = 7.1;
				PRODUCT_NAME = "$(TARGET_NAME)";
				WRAPPER_EXTENSION = app;
			};
			name = Debug;
		};
		CB2B91EE19AAE6BE005C7443 /* Release */ = {
			isa = XCBuildConfiguration;
			buildSettings = {
				ASSETCATALOG_COMPILER_APPICON_NAME = AppIcon;
				ASSETCATALOG_COMPILER_LAUNCHIMAGE_NAME = LaunchImage;
				GCC_PRECOMPILE_PREFIX_HEADER = YES;
				GCC_PREFIX_HEADER = "Shutterbug/Shutterbug-Prefix.pch";
				INFOPLIST_FILE = "Shutterbug/Shutterbug-Info.plist";
				IPHONEOS_DEPLOYMENT_TARGET = 7.1;
				PRODUCT_NAME = "$(TARGET_NAME)";
				WRAPPER_EXTENSION = app;
			};
			name = Release;
		};
		CB2B91F019AAE6BE005C7443 /* Debug */ = {
			isa = XCBuildConfiguration;
			buildSettings = {
				BUNDLE_LOADER = "$(BUILT_PRODUCTS_DIR)/Shutterbug.app/Shutterbug";
				FRAMEWORK_SEARCH_PATHS = (
					"$(SDKROOT)/Developer/Library/Frameworks",
					"$(inherited)",
					"$(DEVELOPER_FRAMEWORKS_DIR)",
				);
				GCC_PRECOMPILE_PREFIX_HEADER = YES;
				GCC_PREFIX_HEADER = "Shutterbug/Shutterbug-Prefix.pch";
				GCC_PREPROCESSOR_DEFINITIONS = (
					"DEBUG=1",
					"$(inherited)",
				);
				INFOPLIST_FILE = "ShutterbugTests/ShutterbugTests-Info.plist";
				PRODUCT_NAME = "$(TARGET_NAME)";
				TEST_HOST = "$(BUNDLE_LOADER)";
				WRAPPER_EXTENSION = xctest;
			};
			name = Debug;
		};
		CB2B91F119AAE6BE005C7443 /* Release */ = {
			isa = XCBuildConfiguration;
			buildSettings = {
				BUNDLE_LOADER = "$(BUILT_PRODUCTS_DIR)/Shutterbug.app/Shutterbug";
				FRAMEWORK_SEARCH_PATHS = (
					"$(SDKROOT)/Developer/Library/Frameworks",
					"$(inherited)",
					"$(DEVELOPER_FRAMEWORKS_DIR)",
				);
				GCC_PRECOMPILE_PREFIX_HEADER = YES;
				GCC_PREFIX_HEADER = "Shutterbug/Shutterbug-Prefix.pch";
				INFOPLIST_FILE = "ShutterbugTests/ShutterbugTests-Info.plist";
				PRODUCT_NAME = "$(TARGET_NAME)";
				TEST_HOST = "$(BUNDLE_LOADER)";
				WRAPPER_EXTENSION = xctest;
			};
			name = Release;
		};
/* End XCBuildConfiguration section */

/* Begin XCConfigurationList section */
		CB2B91B219AAE6BE005C7443 /* Build configuration list for PBXProject "Shutterbug" */ = {
			isa = XCConfigurationList;
			buildConfigurations = (
				CB2B91EA19AAE6BE005C7443 /* Debug */,
				CB2B91EB19AAE6BE005C7443 /* Release */,
			);
			defaultConfigurationIsVisible = 0;
			defaultConfigurationName = Release;
		};
		CB2B91EC19AAE6BE005C7443 /* Build configuration list for PBXNativeTarget "Shutterbug" */ = {
			isa = XCConfigurationList;
			buildConfigurations = (
				CB2B91ED19AAE6BE005C7443 /* Debug */,
				CB2B91EE19AAE6BE005C7443 /* Release */,
			);
			defaultConfigurationIsVisible = 0;
		};
		CB2B91EF19AAE6BE005C7443 /* Build configuration list for PBXNativeTarget "ShutterbugTests" */ = {
			isa = XCConfigurationList;
			buildConfigurations = (
				CB2B91F019AAE6BE005C7443 /* Debug */,
				CB2B91F119AAE6BE005C7443 /* Release */,
			);
			defaultConfigurationIsVisible = 0;
		};
/* End XCConfigurationList section */
	};
	rootObject = CB2B91AF19AAE6BE005C7443 /* Project object */;
}
